// !$*UTF8*$!
{
	archiveVersion = 1;
	classes = {
	};
	objectVersion = 56;
	objects = {

/* Begin PBXBuildFile section */
		DB062D692C8D07C70090DB3F /* Kingfisher in Frameworks */ = {isa = PBXBuildFile; productRef = DB062D682C8D07C70090DB3F /* Kingfisher */; };
		DB1367EC2C8CFA6800BDA113 /* MainViewControllerCell.swift in Sources */ = {isa = PBXBuildFile; fileRef = DB1367EB2C8CFA6800BDA113 /* MainViewControllerCell.swift */; };
		DB5A89A62C8A28BD008CA8E5 /* AppDelegate.swift in Sources */ = {isa = PBXBuildFile; fileRef = DB5A89A52C8A28BD008CA8E5 /* AppDelegate.swift */; };
		DB5A89A82C8A28BD008CA8E5 /* SceneDelegate.swift in Sources */ = {isa = PBXBuildFile; fileRef = DB5A89A72C8A28BD008CA8E5 /* SceneDelegate.swift */; };
		DB5A89AA2C8A28BD008CA8E5 /* MainViewController.swift in Sources */ = {isa = PBXBuildFile; fileRef = DB5A89A92C8A28BD008CA8E5 /* MainViewController.swift */; };
		DB5A89AF2C8A28BF008CA8E5 /* Assets.xcassets in Resources */ = {isa = PBXBuildFile; fileRef = DB5A89AE2C8A28BF008CA8E5 /* Assets.xcassets */; };
		DB5A89B22C8A28BF008CA8E5 /* LaunchScreen.storyboard in Resources */ = {isa = PBXBuildFile; fileRef = DB5A89B02C8A28BF008CA8E5 /* LaunchScreen.storyboard */; };
		DB5A89BA2C8A2996008CA8E5 /* WeatherMiniApp.swift in Sources */ = {isa = PBXBuildFile; fileRef = DB5A89B92C8A2996008CA8E5 /* WeatherMiniApp.swift */; };
		DB5A89BC2C8A29F5008CA8E5 /* CityMiniApp.swift in Sources */ = {isa = PBXBuildFile; fileRef = DB5A89BB2C8A29F5008CA8E5 /* CityMiniApp.swift */; };
		DB5A89BE2C8A305E008CA8E5 /* ApiManager.swift in Sources */ = {isa = PBXBuildFile; fileRef = DB5A89BD2C8A305E008CA8E5 /* ApiManager.swift */; };
		DB5A89C12C8A36C7008CA8E5 /* WeatherResponceObject.swift in Sources */ = {isa = PBXBuildFile; fileRef = DB5A89C02C8A36C7008CA8E5 /* WeatherResponceObject.swift */; };
		DB5A89C42C8A5A83008CA8E5 /* TimerMiniApp.swift in Sources */ = {isa = PBXBuildFile; fileRef = DB5A89C32C8A5A83008CA8E5 /* TimerMiniApp.swift */; };
		DB5A89C72C8A6541008CA8E5 /* TicTacToeMiniApp.swift in Sources */ = {isa = PBXBuildFile; fileRef = DB5A89C62C8A6541008CA8E5 /* TicTacToeMiniApp.swift */; };
/* End PBXBuildFile section */

/* Begin PBXFileReference section */
		DB1367EB2C8CFA6800BDA113 /* MainViewControllerCell.swift */ = {isa = PBXFileReference; lastKnownFileType = sourcecode.swift; path = MainViewControllerCell.swift; sourceTree = "<group>"; };
		DB5A89A22C8A28BD008CA8E5 /* MiniApps.app */ = {isa = PBXFileReference; explicitFileType = wrapper.application; includeInIndex = 0; path = MiniApps.app; sourceTree = BUILT_PRODUCTS_DIR; };
		DB5A89A52C8A28BD008CA8E5 /* AppDelegate.swift */ = {isa = PBXFileReference; lastKnownFileType = sourcecode.swift; path = AppDelegate.swift; sourceTree = "<group>"; };
		DB5A89A72C8A28BD008CA8E5 /* SceneDelegate.swift */ = {isa = PBXFileReference; lastKnownFileType = sourcecode.swift; path = SceneDelegate.swift; sourceTree = "<group>"; };
		DB5A89A92C8A28BD008CA8E5 /* MainViewController.swift */ = {isa = PBXFileReference; lastKnownFileType = sourcecode.swift; path = MainViewController.swift; sourceTree = "<group>"; };
		DB5A89AE2C8A28BF008CA8E5 /* Assets.xcassets */ = {isa = PBXFileReference; lastKnownFileType = folder.assetcatalog; path = Assets.xcassets; sourceTree = "<group>"; };
		DB5A89B12C8A28BF008CA8E5 /* Base */ = {isa = PBXFileReference; lastKnownFileType = file.storyboard; name = Base; path = Base.lproj/LaunchScreen.storyboard; sourceTree = "<group>"; };
		DB5A89B32C8A28BF008CA8E5 /* Info.plist */ = {isa = PBXFileReference; lastKnownFileType = text.plist.xml; path = Info.plist; sourceTree = "<group>"; };
		DB5A89B92C8A2996008CA8E5 /* WeatherMiniApp.swift */ = {isa = PBXFileReference; lastKnownFileType = sourcecode.swift; path = WeatherMiniApp.swift; sourceTree = "<group>"; };
		DB5A89BB2C8A29F5008CA8E5 /* CityMiniApp.swift */ = {isa = PBXFileReference; lastKnownFileType = sourcecode.swift; path = CityMiniApp.swift; sourceTree = "<group>"; };
		DB5A89BD2C8A305E008CA8E5 /* ApiManager.swift */ = {isa = PBXFileReference; lastKnownFileType = sourcecode.swift; path = ApiManager.swift; sourceTree = "<group>"; };
		DB5A89C02C8A36C7008CA8E5 /* WeatherResponceObject.swift */ = {isa = PBXFileReference; lastKnownFileType = sourcecode.swift; path = WeatherResponceObject.swift; sourceTree = "<group>"; };
		DB5A89C32C8A5A83008CA8E5 /* TimerMiniApp.swift */ = {isa = PBXFileReference; lastKnownFileType = sourcecode.swift; path = TimerMiniApp.swift; sourceTree = "<group>"; };
		DB5A89C62C8A6541008CA8E5 /* TicTacToeMiniApp.swift */ = {isa = PBXFileReference; lastKnownFileType = sourcecode.swift; path = TicTacToeMiniApp.swift; sourceTree = "<group>"; };
/* End PBXFileReference section */

/* Begin PBXFrameworksBuildPhase section */
		DB5A899F2C8A28BD008CA8E5 /* Frameworks */ = {
			isa = PBXFrameworksBuildPhase;
			buildActionMask = 2147483647;
			files = (
				DB062D692C8D07C70090DB3F /* Kingfisher in Frameworks */,
			);
			runOnlyForDeploymentPostprocessing = 0;
		};
/* End PBXFrameworksBuildPhase section */

/* Begin PBXGroup section */
		DB1367ED2C8D014800BDA113 /* MiniApps */ = {
			isa = PBXGroup;
			children = (
				DB5A89BB2C8A29F5008CA8E5 /* CityMiniApp.swift */,
				DB5A89B92C8A2996008CA8E5 /* WeatherMiniApp.swift */,
				DB5A89C32C8A5A83008CA8E5 /* TimerMiniApp.swift */,
				DB5A89C62C8A6541008CA8E5 /* TicTacToeMiniApp.swift */,
			);
			path = MiniApps;
			sourceTree = "<group>";
		};
		DB5A89992C8A28BD008CA8E5 = {
			isa = PBXGroup;
			children = (
				DB5A89A42C8A28BD008CA8E5 /* MiniApps */,
				DB5A89A32C8A28BD008CA8E5 /* Products */,
			);
			sourceTree = "<group>";
		};
		DB5A89A32C8A28BD008CA8E5 /* Products */ = {
			isa = PBXGroup;
			children = (
				DB5A89A22C8A28BD008CA8E5 /* MiniApps.app */,
			);
			name = Products;
			sourceTree = "<group>";
		};
		DB5A89A42C8A28BD008CA8E5 /* MiniApps */ = {
			isa = PBXGroup;
			children = (
				DB5A89A52C8A28BD008CA8E5 /* AppDelegate.swift */,
				DB5A89A72C8A28BD008CA8E5 /* SceneDelegate.swift */,
				DB5A89C52C8A64A8008CA8E5 /* MainViewController */,
				DB1367ED2C8D014800BDA113 /* MiniApps */,
				DB5A89BF2C8A3066008CA8E5 /* Networking */,
				DB5A89C22C8A36D4008CA8E5 /* Model */,
				DB5A89AE2C8A28BF008CA8E5 /* Assets.xcassets */,
				DB5A89B02C8A28BF008CA8E5 /* LaunchScreen.storyboard */,
				DB5A89B32C8A28BF008CA8E5 /* Info.plist */,
			);
			path = MiniApps;
			sourceTree = "<group>";
		};
		DB5A89BF2C8A3066008CA8E5 /* Networking */ = {
			isa = PBXGroup;
			children = (
				DB5A89BD2C8A305E008CA8E5 /* ApiManager.swift */,
			);
			path = Networking;
			sourceTree = "<group>";
		};
		DB5A89C22C8A36D4008CA8E5 /* Model */ = {
			isa = PBXGroup;
			children = (
				DB5A89C02C8A36C7008CA8E5 /* WeatherResponceObject.swift */,
			);
			path = Model;
			sourceTree = "<group>";
		};
		DB5A89C52C8A64A8008CA8E5 /* MainViewController */ = {
			isa = PBXGroup;
			children = (
				DB5A89A92C8A28BD008CA8E5 /* MainViewController.swift */,
				DB1367EB2C8CFA6800BDA113 /* MainViewControllerCell.swift */,
			);
			path = MainViewController;
			sourceTree = "<group>";
		};
/* End PBXGroup section */

/* Begin PBXNativeTarget section */
		DB5A89A12C8A28BD008CA8E5 /* MiniApps */ = {
			isa = PBXNativeTarget;
			buildConfigurationList = DB5A89B62C8A28BF008CA8E5 /* Build configuration list for PBXNativeTarget "MiniApps" */;
			buildPhases = (
				DB5A899E2C8A28BD008CA8E5 /* Sources */,
				DB5A899F2C8A28BD008CA8E5 /* Frameworks */,
				DB5A89A02C8A28BD008CA8E5 /* Resources */,
			);
			buildRules = (
			);
			dependencies = (
			);
			name = MiniApps;
			packageProductDependencies = (
				DB062D682C8D07C70090DB3F /* Kingfisher */,
			);
			productName = MiniApps;
			productReference = DB5A89A22C8A28BD008CA8E5 /* MiniApps.app */;
			productType = "com.apple.product-type.application";
		};
/* End PBXNativeTarget section */

/* Begin PBXProject section */
		DB5A899A2C8A28BD008CA8E5 /* Project object */ = {
			isa = PBXProject;
			attributes = {
				BuildIndependentTargetsInParallel = 1;
				LastSwiftUpdateCheck = 1520;
				LastUpgradeCheck = 1520;
				TargetAttributes = {
					DB5A89A12C8A28BD008CA8E5 = {
						CreatedOnToolsVersion = 15.2;
					};
				};
			};
			buildConfigurationList = DB5A899D2C8A28BD008CA8E5 /* Build configuration list for PBXProject "MiniApps" */;
			compatibilityVersion = "Xcode 14.0";
			developmentRegion = en;
			hasScannedForEncodings = 0;
			knownRegions = (
				en,
				Base,
			);
			mainGroup = DB5A89992C8A28BD008CA8E5;
			packageReferences = (
				DB062D672C8D07C70090DB3F /* XCRemoteSwiftPackageReference "Kingfisher" */,
			);
			productRefGroup = DB5A89A32C8A28BD008CA8E5 /* Products */;
			projectDirPath = "";
			projectRoot = "";
			targets = (
				DB5A89A12C8A28BD008CA8E5 /* MiniApps */,
			);
		};
/* End PBXProject section */

/* Begin PBXResourcesBuildPhase section */
		DB5A89A02C8A28BD008CA8E5 /* Resources */ = {
			isa = PBXResourcesBuildPhase;
			buildActionMask = 2147483647;
			files = (
				DB5A89B22C8A28BF008CA8E5 /* LaunchScreen.storyboard in Resources */,
				DB5A89AF2C8A28BF008CA8E5 /* Assets.xcassets in Resources */,
			);
			runOnlyForDeploymentPostprocessing = 0;
		};
/* End PBXResourcesBuildPhase section */

/* Begin PBXSourcesBuildPhase section */
		DB5A899E2C8A28BD008CA8E5 /* Sources */ = {
			isa = PBXSourcesBuildPhase;
			buildActionMask = 2147483647;
			files = (
				DB5A89AA2C8A28BD008CA8E5 /* MainViewController.swift in Sources */,
				DB1367EC2C8CFA6800BDA113 /* MainViewControllerCell.swift in Sources */,
				DB5A89C72C8A6541008CA8E5 /* TicTacToeMiniApp.swift in Sources */,
				DB5A89BA2C8A2996008CA8E5 /* WeatherMiniApp.swift in Sources */,
				DB5A89A62C8A28BD008CA8E5 /* AppDelegate.swift in Sources */,
				DB5A89BC2C8A29F5008CA8E5 /* CityMiniApp.swift in Sources */,
				DB5A89BE2C8A305E008CA8E5 /* ApiManager.swift in Sources */,
				DB5A89C42C8A5A83008CA8E5 /* TimerMiniApp.swift in Sources */,
				DB5A89C12C8A36C7008CA8E5 /* WeatherResponceObject.swift in Sources */,
				DB5A89A82C8A28BD008CA8E5 /* SceneDelegate.swift in Sources */,
			);
			runOnlyForDeploymentPostprocessing = 0;
		};
/* End PBXSourcesBuildPhase section */

/* Begin PBXVariantGroup section */
		DB5A89B02C8A28BF008CA8E5 /* LaunchScreen.storyboard */ = {
			isa = PBXVariantGroup;
			children = (
				DB5A89B12C8A28BF008CA8E5 /* Base */,
			);
			name = LaunchScreen.storyboard;
			sourceTree = "<group>";
		};
/* End PBXVariantGroup section */

/* Begin XCBuildConfiguration section */
		DB5A89B42C8A28BF008CA8E5 /* Debug */ = {
			isa = XCBuildConfiguration;
			buildSettings = {
				ALWAYS_SEARCH_USER_PATHS = NO;
				ASSETCATALOG_COMPILER_GENERATE_SWIFT_ASSET_SYMBOL_EXTENSIONS = YES;
				CLANG_ANALYZER_NONNULL = YES;
				CLANG_ANALYZER_NUMBER_OBJECT_CONVERSION = YES_AGGRESSIVE;
				CLANG_CXX_LANGUAGE_STANDARD = "gnu++20";
				CLANG_ENABLE_MODULES = YES;
				CLANG_ENABLE_OBJC_ARC = YES;
				CLANG_ENABLE_OBJC_WEAK = YES;
				CLANG_WARN_BLOCK_CAPTURE_AUTORELEASING = YES;
				CLANG_WARN_BOOL_CONVERSION = YES;
				CLANG_WARN_COMMA = YES;
				CLANG_WARN_CONSTANT_CONVERSION = YES;
				CLANG_WARN_DEPRECATED_OBJC_IMPLEMENTATIONS = YES;
				CLANG_WARN_DIRECT_OBJC_ISA_USAGE = YES_ERROR;
				CLANG_WARN_DOCUMENTATION_COMMENTS = YES;
				CLANG_WARN_EMPTY_BODY = YES;
				CLANG_WARN_ENUM_CONVERSION = YES;
				CLANG_WARN_INFINITE_RECURSION = YES;
				CLANG_WARN_INT_CONVERSION = YES;
				CLANG_WARN_NON_LITERAL_NULL_CONVERSION = YES;
				CLANG_WARN_OBJC_IMPLICIT_RETAIN_SELF = YES;
				CLANG_WARN_OBJC_LITERAL_CONVERSION = YES;
				CLANG_WARN_OBJC_ROOT_CLASS = YES_ERROR;
				CLANG_WARN_QUOTED_INCLUDE_IN_FRAMEWORK_HEADER = YES;
				CLANG_WARN_RANGE_LOOP_ANALYSIS = YES;
				CLANG_WARN_STRICT_PROTOTYPES = YES;
				CLANG_WARN_SUSPICIOUS_MOVE = YES;
				CLANG_WARN_UNGUARDED_AVAILABILITY = YES_AGGRESSIVE;
				CLANG_WARN_UNREACHABLE_CODE = YES;
				CLANG_WARN__DUPLICATE_METHOD_MATCH = YES;
				COPY_PHASE_STRIP = NO;
				DEBUG_INFORMATION_FORMAT = dwarf;
				ENABLE_STRICT_OBJC_MSGSEND = YES;
				ENABLE_TESTABILITY = YES;
				ENABLE_USER_SCRIPT_SANDBOXING = YES;
				GCC_C_LANGUAGE_STANDARD = gnu17;
				GCC_DYNAMIC_NO_PIC = NO;
				GCC_NO_COMMON_BLOCKS = YES;
				GCC_OPTIMIZATION_LEVEL = 0;
				GCC_PREPROCESSOR_DEFINITIONS = (
					"DEBUG=1",
					"$(inherited)",
				);
				GCC_WARN_64_TO_32_BIT_CONVERSION = YES;
				GCC_WARN_ABOUT_RETURN_TYPE = YES_ERROR;
				GCC_WARN_UNDECLARED_SELECTOR = YES;
				GCC_WARN_UNINITIALIZED_AUTOS = YES_AGGRESSIVE;
				GCC_WARN_UNUSED_FUNCTION = YES;
				GCC_WARN_UNUSED_VARIABLE = YES;
				IPHONEOS_DEPLOYMENT_TARGET = 17.2;
				LOCALIZATION_PREFERS_STRING_CATALOGS = YES;
				MTL_ENABLE_DEBUG_INFO = INCLUDE_SOURCE;
				MTL_FAST_MATH = YES;
				ONLY_ACTIVE_ARCH = YES;
				SDKROOT = iphoneos;
				SWIFT_ACTIVE_COMPILATION_CONDITIONS = "DEBUG $(inherited)";
				SWIFT_OPTIMIZATION_LEVEL = "-Onone";
			};
			name = Debug;
		};
		DB5A89B52C8A28BF008CA8E5 /* Release */ = {
			isa = XCBuildConfiguration;
			buildSettings = {
				ALWAYS_SEARCH_USER_PATHS = NO;
				ASSETCATALOG_COMPILER_GENERATE_SWIFT_ASSET_SYMBOL_EXTENSIONS = YES;
				CLANG_ANALYZER_NONNULL = YES;
				CLANG_ANALYZER_NUMBER_OBJECT_CONVERSION = YES_AGGRESSIVE;
				CLANG_CXX_LANGUAGE_STANDARD = "gnu++20";
				CLANG_ENABLE_MODULES = YES;
				CLANG_ENABLE_OBJC_ARC = YES;
				CLANG_ENABLE_OBJC_WEAK = YES;
				CLANG_WARN_BLOCK_CAPTURE_AUTORELEASING = YES;
				CLANG_WARN_BOOL_CONVERSION = YES;
				CLANG_WARN_COMMA = YES;
				CLANG_WARN_CONSTANT_CONVERSION = YES;
				CLANG_WARN_DEPRECATED_OBJC_IMPLEMENTATIONS = YES;
				CLANG_WARN_DIRECT_OBJC_ISA_USAGE = YES_ERROR;
				CLANG_WARN_DOCUMENTATION_COMMENTS = YES;
				CLANG_WARN_EMPTY_BODY = YES;
				CLANG_WARN_ENUM_CONVERSION = YES;
				CLANG_WARN_INFINITE_RECURSION = YES;
				CLANG_WARN_INT_CONVERSION = YES;
				CLANG_WARN_NON_LITERAL_NULL_CONVERSION = YES;
				CLANG_WARN_OBJC_IMPLICIT_RETAIN_SELF = YES;
				CLANG_WARN_OBJC_LITERAL_CONVERSION = YES;
				CLANG_WARN_OBJC_ROOT_CLASS = YES_ERROR;
				CLANG_WARN_QUOTED_INCLUDE_IN_FRAMEWORK_HEADER = YES;
				CLANG_WARN_RANGE_LOOP_ANALYSIS = YES;
				CLANG_WARN_STRICT_PROTOTYPES = YES;
				CLANG_WARN_SUSPICIOUS_MOVE = YES;
				CLANG_WARN_UNGUARDED_AVAILABILITY = YES_AGGRESSIVE;
				CLANG_WARN_UNREACHABLE_CODE = YES;
				CLANG_WARN__DUPLICATE_METHOD_MATCH = YES;
				COPY_PHASE_STRIP = NO;
				DEBUG_INFORMATION_FORMAT = "dwarf-with-dsym";
				ENABLE_NS_ASSERTIONS = NO;
				ENABLE_STRICT_OBJC_MSGSEND = YES;
				ENABLE_USER_SCRIPT_SANDBOXING = YES;
				GCC_C_LANGUAGE_STANDARD = gnu17;
				GCC_NO_COMMON_BLOCKS = YES;
				GCC_WARN_64_TO_32_BIT_CONVERSION = YES;
				GCC_WARN_ABOUT_RETURN_TYPE = YES_ERROR;
				GCC_WARN_UNDECLARED_SELECTOR = YES;
				GCC_WARN_UNINITIALIZED_AUTOS = YES_AGGRESSIVE;
				GCC_WARN_UNUSED_FUNCTION = YES;
				GCC_WARN_UNUSED_VARIABLE = YES;
				IPHONEOS_DEPLOYMENT_TARGET = 17.2;
				LOCALIZATION_PREFERS_STRING_CATALOGS = YES;
				MTL_ENABLE_DEBUG_INFO = NO;
				MTL_FAST_MATH = YES;
				SDKROOT = iphoneos;
				SWIFT_COMPILATION_MODE = wholemodule;
				VALIDATE_PRODUCT = YES;
			};
			name = Release;
		};
		DB5A89B72C8A28BF008CA8E5 /* Debug */ = {
			isa = XCBuildConfiguration;
			buildSettings = {
				ASSETCATALOG_COMPILER_APPICON_NAME = AppIcon;
				ASSETCATALOG_COMPILER_GLOBAL_ACCENT_COLOR_NAME = AccentColor;
				CODE_SIGN_STYLE = Automatic;
				CURRENT_PROJECT_VERSION = 1;
				DEVELOPMENT_TEAM = FDT8P6ZSK5;
				GENERATE_INFOPLIST_FILE = YES;
				INFOPLIST_FILE = MiniApps/Info.plist;
				INFOPLIST_KEY_UIApplicationSupportsIndirectInputEvents = YES;
				INFOPLIST_KEY_UILaunchStoryboardName = LaunchScreen;
				INFOPLIST_KEY_UISupportedInterfaceOrientations_iPad = "UIInterfaceOrientationPortrait UIInterfaceOrientationPortraitUpsideDown UIInterfaceOrientationLandscapeLeft UIInterfaceOrientationLandscapeRight";
				INFOPLIST_KEY_UISupportedInterfaceOrientations_iPhone = "UIInterfaceOrientationPortrait UIInterfaceOrientationLandscapeLeft UIInterfaceOrientationLandscapeRight";
				IPHONEOS_DEPLOYMENT_TARGET = 14.0;
				LD_RUNPATH_SEARCH_PATHS = (
					"$(inherited)",
					"@executable_path/Frameworks",
				);
				MARKETING_VERSION = 1.0;
				PRODUCT_BUNDLE_IDENTIFIER = ru.bangmd.MiniApps;
				PRODUCT_NAME = "$(TARGET_NAME)";
				SUPPORTED_PLATFORMS = "iphoneos iphonesimulator";
				SUPPORTS_MACCATALYST = NO;
				SUPPORTS_MAC_DESIGNED_FOR_IPHONE_IPAD = NO;
				SUPPORTS_XR_DESIGNED_FOR_IPHONE_IPAD = NO;
				SWIFT_EMIT_LOC_STRINGS = YES;
				SWIFT_VERSION = 5.0;
				TARGETED_DEVICE_FAMILY = "1,2";
			};
			name = Debug;
		};
		DB5A89B82C8A28BF008CA8E5 /* Release */ = {
			isa = XCBuildConfiguration;
			buildSettings = {
				ASSETCATALOG_COMPILER_APPICON_NAME = AppIcon;
				ASSETCATALOG_COMPILER_GLOBAL_ACCENT_COLOR_NAME = AccentColor;
				CODE_SIGN_STYLE = Automatic;
				CURRENT_PROJECT_VERSION = 1;
				DEVELOPMENT_TEAM = FDT8P6ZSK5;
				GENERATE_INFOPLIST_FILE = YES;
				INFOPLIST_FILE = MiniApps/Info.plist;
				INFOPLIST_KEY_UIApplicationSupportsIndirectInputEvents = YES;
				INFOPLIST_KEY_UILaunchStoryboardName = LaunchScreen;
				INFOPLIST_KEY_UISupportedInterfaceOrientations_iPad = "UIInterfaceOrientationPortrait UIInterfaceOrientationPortraitUpsideDown UIInterfaceOrientationLandscapeLeft UIInterfaceOrientationLandscapeRight";
				INFOPLIST_KEY_UISupportedInterfaceOrientations_iPhone = "UIInterfaceOrientationPortrait UIInterfaceOrientationLandscapeLeft UIInterfaceOrientationLandscapeRight";
				IPHONEOS_DEPLOYMENT_TARGET = 14.0;
				LD_RUNPATH_SEARCH_PATHS = (
					"$(inherited)",
					"@executable_path/Frameworks",
				);
				MARKETING_VERSION = 1.0;
				PRODUCT_BUNDLE_IDENTIFIER = ru.bangmd.MiniApps;
				PRODUCT_NAME = "$(TARGET_NAME)";
				SUPPORTED_PLATFORMS = "iphoneos iphonesimulator";
				SUPPORTS_MACCATALYST = NO;
				SUPPORTS_MAC_DESIGNED_FOR_IPHONE_IPAD = NO;
				SUPPORTS_XR_DESIGNED_FOR_IPHONE_IPAD = NO;
				SWIFT_EMIT_LOC_STRINGS = YES;
				SWIFT_VERSION = 5.0;
				TARGETED_DEVICE_FAMILY = "1,2";
			};
			name = Release;
		};
/* End XCBuildConfiguration section */

/* Begin XCConfigurationList section */
		DB5A899D2C8A28BD008CA8E5 /* Build configuration list for PBXProject "MiniApps" */ = {
			isa = XCConfigurationList;
			buildConfigurations = (
				DB5A89B42C8A28BF008CA8E5 /* Debug */,
				DB5A89B52C8A28BF008CA8E5 /* Release */,
			);
			defaultConfigurationIsVisible = 0;
			defaultConfigurationName = Release;
		};
		DB5A89B62C8A28BF008CA8E5 /* Build configuration list for PBXNativeTarget "MiniApps" */ = {
			isa = XCConfigurationList;
			buildConfigurations = (
				DB5A89B72C8A28BF008CA8E5 /* Debug */,
				DB5A89B82C8A28BF008CA8E5 /* Release */,
			);
			defaultConfigurationIsVisible = 0;
			defaultConfigurationName = Release;
		};
/* End XCConfigurationList section */

/* Begin XCRemoteSwiftPackageReference section */
		DB062D672C8D07C70090DB3F /* XCRemoteSwiftPackageReference "Kingfisher" */ = {
			isa = XCRemoteSwiftPackageReference;
			repositoryURL = "https://github.com/onevcat/Kingfisher";
			requirement = {
				kind = upToNextMajorVersion;
				minimumVersion = 7.12.0;
			};
		};
/* End XCRemoteSwiftPackageReference section */

/* Begin XCSwiftPackageProductDependency section */
		DB062D682C8D07C70090DB3F /* Kingfisher */ = {
			isa = XCSwiftPackageProductDependency;
			package = DB062D672C8D07C70090DB3F /* XCRemoteSwiftPackageReference "Kingfisher" */;
			productName = Kingfisher;
		};
/* End XCSwiftPackageProductDependency section */
	};
	rootObject = DB5A899A2C8A28BD008CA8E5 /* Project object */;
}
